
Microsoft Visual Studio Solution File, Format Version 12.00
# Visual Studio 15
Project("{FAE04EC0-301F-11D3-BF4B-00C04F79EFBC}") = "NavMeshComponents", "NavMeshComponents.csproj", "{44DEA164-BFAC-0CF3-4C46-F50EFA0E8021}"
EndProject
Project("{FAE04EC0-301F-11D3-BF4B-00C04F79EFBC}") = "Assembly-CSharp", "Assembly-CSharp.csproj", "{9DD1AD18-C090-4212-5492-3BA27FC7E31E}"
EndProject
Project("{FAE04EC0-301F-11D3-BF4B-00C04F79EFBC}") = "NavMeshComponents", "NavMeshComponents.csproj", "{44DEA164-BFAC-0CF3-4C46-F50EFA0E8021}"
EndProject
Project("{FAE04EC0-301F-11D3-BF4B-00C04F79EFBC}") = "NavMeshComponentsEditor", "NavMeshComponentsEditor.csproj", "{7508FC5A-07A4-46C9-8EC0-BCD3388818C1}"
EndProject
Global
	GlobalSection(SolutionConfigurationPlatforms) = preSolution
		Debug|Any CPU = Debug|Any CPU
		Release|Any CPU = Release|Any CPU
	EndGlobalSection
	GlobalSection(ProjectConfigurationPlatforms) = postSolution
		{44DEA164-BFAC-0CF3-4C46-F50EFA0E8021}.Debug|Any CPU.ActiveCfg = Debug|Any CPU
		{44DEA164-BFAC-0CF3-4C46-F50EFA0E8021}.Debug|Any CPU.Build.0 = Debug|Any CPU
		{44DEA164-BFAC-0CF3-4C46-F50EFA0E8021}.Release|Any CPU.ActiveCfg = Release|Any CPU
		{44DEA164-BFAC-0CF3-4C46-F50EFA0E8021}.Release|Any CPU.Build.0 = Release|Any CPU
		{9DD1AD18-C090-4212-5492-3BA27FC7E31E}.Debug|Any CPU.ActiveCfg = Debug|Any CPU
		{9DD1AD18-C090-4212-5492-3BA27FC7E31E}.Debug|Any CPU.Build.0 = Debug|Any CPU
		{9DD1AD18-C090-4212-5492-3BA27FC7E31E}.Release|Any CPU.ActiveCfg = Release|Any CPU
		{9DD1AD18-C090-4212-5492-3BA27FC7E31E}.Release|Any CPU.Build.0 = Release|Any CPU
		{44DEA164-BFAC-0CF3-4C46-F50EFA0E8021}.Debug|Any CPU.ActiveCfg = Debug|Any CPU
		{44DEA164-BFAC-0CF3-4C46-F50EFA0E8021}.Debug|Any CPU.Build.0 = Debug|Any CPU
		{44DEA164-BFAC-0CF3-4C46-F50EFA0E8021}.Release|Any CPU.ActiveCfg = Release|Any CPU
		{44DEA164-BFAC-0CF3-4C46-F50EFA0E8021}.Release|Any CPU.Build.0 = Release|Any CPU
		{7508FC5A-07A4-46C9-8EC0-BCD3388818C1}.Debug|Any CPU.ActiveCfg = Debug|Any CPU
		{7508FC5A-07A4-46C9-8EC0-BCD3388818C1}.Debug|Any CPU.Build.0 = Debug|Any CPU
		{7508FC5A-07A4-46C9-8EC0-BCD3388818C1}.Release|Any CPU.ActiveCfg = Release|Any CPU
		{7508FC5A-07A4-46C9-8EC0-BCD3388818C1}.Release|Any CPU.Build.0 = Release|Any CPU
	EndGlobalSection
	GlobalSection(SolutionProperties) = preSolution
		HideSolutionNode = FALSE
	EndGlobalSection
EndGlobal
